{
  "name": "nooblyjs-learn-factory",
  "version": "0.1.0",
  "lockfileVersion": 3,
  "requires": true,
  "packages": {
    "": {
      "name": "nooblyjs-learn-factory",
      "version": "0.1.0",
      "dependencies": {
        "nooblyjs-ai-common": "file:../nooblyjs-ai-common",
        "nooblyjs-ai-harness": "file:../nooblyjs-ai-harness"
      },
      "bin": {
        "factory": "bin/factory.js"
      },
      "engines": {
        "node": ">=24"
      }
    },
    "../nooblyjs-ai-common": {
      "version": "0.1.0",
      "license": "MIT",
      "engines": {
        "node": ">=22.12"
      }
    },
    "../nooblyjs-ai-harness": {
      "name": "nooblyjs-learn-harness",
      "version": "1.0.0",
      "dependencies": {
        "ink": "^7.1.1",
        "ink-spinner": "^5.0.0",
        "ink-text-input": "^6.0.0",
        "marked": "^18.0.14",
        "nooblyjs-ai-common": "file:../nooblyjs-ai-common",
        "react": "^19.3.0",
        "tsx": "^4.23.15"
      },
      "bin": {
        "noobly": "bin/noobly.js"
      },
      "engines": {
        "node": ">=22"
      }
    },
    "node_modules/nooblyjs-ai-common": {
      "resolved": "../nooblyjs-ai-common",
      "link": true
    },
    "node_modules/nooblyjs-ai-harness": {
      "resolved": "../nooblyjs-ai-harness",
      "link": true
    }
  }
}
